
Microsoft Visual Studio Solution File, Format Version 12.00
# Visual Studio Version 17
VisualStudioVersion = 17.6.33829.357
MinimumVisualStudioVersion = 10.0.40219.1
Project("{FAE04EC0-301F-11D3-BF4B-00C04F79EFBC}") = "Plaka", "Plaka\Plaka.csproj", "{02BBBFA3-7D76-468E-B035-F150CEB0F984}"
EndProject
Global
	GlobalSection(SolutionConfigurationPlatforms) = preSolution
		Debug|Any CPU = Debug|Any CPU
		Release|Any CPU = Release|Any CPU
	EndGlobalSection
	GlobalSection(ProjectConfigurationPlatforms) = postSolution
		{02BBBFA3-7D76-468E-B035-F150CEB0F984}.Debug|Any CPU.ActiveCfg = Debug|Any CPU
		{02BBBFA3-7D76-468E-B035-F150CEB0F984}.Debug|Any CPU.Build.0 = Debug|Any CPU
		{02BBBFA3-7D76-468E-B035-F150CEB0F984}.Release|Any CPU.ActiveCfg = Release|Any CPU
		{02BBBFA3-7D76-468E-B035-F150CEB0F984}.Release|Any CPU.Build.0 = Release|Any CPU
	EndGlobalSection
	GlobalSection(SolutionProperties) = preSolution
		HideSolutionNode = FALSE
	EndGlobalSection
	GlobalSection(ExtensibilityGlobals) = postSolution
		SolutionGuid = {CFCF220F-6644-455C-BBBF-9C21DA8E7745}
	EndGlobalSection
EndGlobal
